// !$*UTF8*$!
{
	archiveVersion = 1;
	classes = {
	};
	objectVersion = 46;
	objects = {

/* Begin PBXBuildFile section */
		0A6953751C8203B70095216F /* CourseViewController.m in Sources */ = {isa = PBXBuildFile; fileRef = 0A6953741C8203B70095216F /* CourseViewController.m */; };
		0A6953781C82B2CD0095216F /* Course.m in Sources */ = {isa = PBXBuildFile; fileRef = 0A6953771C82B2CD0095216F /* Course.m */; };
		0AAB66E81C9C504A00E70B67 /* LogOutViewController.m in Sources */ = {isa = PBXBuildFile; fileRef = 0AAB66E61C9C504A00E70B67 /* LogOutViewController.m */; };
		0AAB66E91C9C504A00E70B67 /* LogOutViewController.xib in Resources */ = {isa = PBXBuildFile; fileRef = 0AAB66E71C9C504A00E70B67 /* LogOutViewController.xib */; };
		0AB970071C61E3DF00F9BC53 /* MainTableViewController.m in Sources */ = {isa = PBXBuildFile; fileRef = 0AB970061C61E3DF00F9BC53 /* MainTableViewController.m */; };
		0AC42F791C8DBD4B00955918 /* CourseTableViewCell.m in Sources */ = {isa = PBXBuildFile; fileRef = 0AC42F771C8DBD4B00955918 /* CourseTableViewCell.m */; };
		0AC42F7A1C8DBD4B00955918 /* CourseTableViewCell.xib in Resources */ = {isa = PBXBuildFile; fileRef = 0AC42F781C8DBD4B00955918 /* CourseTableViewCell.xib */; };
		6B2903AA1C50A98600D021B0 /* GradesTableViewController.m in Sources */ = {isa = PBXBuildFile; fileRef = 6B2903A91C50A98600D021B0 /* GradesTableViewController.m */; };
		6B2903AD1C50B42800D021B0 /* Router.m in Sources */ = {isa = PBXBuildFile; fileRef = 6B2903AC1C50B42800D021B0 /* Router.m */; };
		6B2FEF621C509B790001C91E /* main.m in Sources */ = {isa = PBXBuildFile; fileRef = 6B2FEF611C509B790001C91E /* main.m */; };
		6B2FEF651C509B790001C91E /* AppDelegate.m in Sources */ = {isa = PBXBuildFile; fileRef = 6B2FEF641C509B790001C91E /* AppDelegate.m */; };
		6B2FEF701C509B790001C91E /* Assets.xcassets in Resources */ = {isa = PBXBuildFile; fileRef = 6B2FEF6F1C509B790001C91E /* Assets.xcassets */; };
		6B2FEF731C509B790001C91E /* LaunchScreen.storyboard in Resources */ = {isa = PBXBuildFile; fileRef = 6B2FEF711C509B790001C91E /* LaunchScreen.storyboard */; };
		6B2FEF7E1C509B790001C91E /* SwuAssistantTests.m in Sources */ = {isa = PBXBuildFile; fileRef = 6B2FEF7D1C509B790001C91E /* SwuAssistantTests.m */; };
		6B2FEF8D1C50A7560001C91E /* LogInViewController.m in Sources */ = {isa = PBXBuildFile; fileRef = 6B2FEF8C1C50A7560001C91E /* LogInViewController.m */; };
		6B59FC2C1C523A4D00FB0E82 /* GradesTableViewHeaderView.m in Sources */ = {isa = PBXBuildFile; fileRef = 6B59FC2B1C523A4D00FB0E82 /* GradesTableViewHeaderView.m */; };
		6B5CE4871C533BE300291CC2 /* GradesTableViewCell.m in Sources */ = {isa = PBXBuildFile; fileRef = 6B5CE4861C533BE300291CC2 /* GradesTableViewCell.m */; };
		D0A8F2CE489302BEE1941443 /* libPods-SwuAssistant.a in Frameworks */ = {isa = PBXBuildFile; fileRef = DB638C7654476BE1450452EA /* libPods-SwuAssistant.a */; };
/* End PBXBuildFile section */

/* Begin PBXContainerItemProxy section */
		6B2FEF7A1C509B790001C91E /* PBXContainerItemProxy */ = {
			isa = PBXContainerItemProxy;
			containerPortal = 6B2FEF551C509B790001C91E /* Project object */;
			proxyType = 1;
			remoteGlobalIDString = 6B2FEF5C1C509B790001C91E;
			remoteInfo = SwuAssistant;
		};
/* End PBXContainerItemProxy section */

/* Begin PBXFileReference section */
		0A6953731C8203B70095216F /* CourseViewController.h */ = {isa = PBXFileReference; fileEncoding = 4; lastKnownFileType = sourcecode.c.h; path = CourseViewController.h; sourceTree = "<group>"; };
		0A6953741C8203B70095216F /* CourseViewController.m */ = {isa = PBXFileReference; fileEncoding = 4; lastKnownFileType = sourcecode.c.objc; path = CourseViewController.m; sourceTree = "<group>"; };
		0A6953761C82B2CD0095216F /* Course.h */ = {isa = PBXFileReference; fileEncoding = 4; lastKnownFileType = sourcecode.c.h; path = Course.h; sourceTree = "<group>"; };
		0A6953771C82B2CD0095216F /* Course.m */ = {isa = PBXFileReference; fileEncoding = 4; lastKnownFileType = sourcecode.c.objc; path = Course.m; sourceTree = "<group>"; };
		0AAB66E51C9C504A00E70B67 /* LogOutViewController.h */ = {isa = PBXFileReference; fileEncoding = 4; lastKnownFileType = sourcecode.c.h; path = LogOutViewController.h; sourceTree = "<group>"; };
		0AAB66E61C9C504A00E70B67 /* LogOutViewController.m */ = {isa = PBXFileReference; fileEncoding = 4; lastKnownFileType = sourcecode.c.objc; path = LogOutViewController.m; sourceTree = "<group>"; };
		0AAB66E71C9C504A00E70B67 /* LogOutViewController.xib */ = {isa = PBXFileReference; fileEncoding = 4; lastKnownFileType = file.xib; path = LogOutViewController.xib; sourceTree = "<group>"; };
		0AB970051C61E3DF00F9BC53 /* MainTableViewController.h */ = {isa = PBXFileReference; fileEncoding = 4; lastKnownFileType = sourcecode.c.h; path = MainTableViewController.h; sourceTree = "<group>"; };
		0AB970061C61E3DF00F9BC53 /* MainTableViewController.m */ = {isa = PBXFileReference; fileEncoding = 4; lastKnownFileType = sourcecode.c.objc; path = MainTableViewController.m; sourceTree = "<group>"; };
		0AC42F761C8DBD4B00955918 /* CourseTableViewCell.h */ = {isa = PBXFileReference; fileEncoding = 4; lastKnownFileType = sourcecode.c.h; path = CourseTableViewCell.h; sourceTree = "<group>"; };
		0AC42F771C8DBD4B00955918 /* CourseTableViewCell.m */ = {isa = PBXFileReference; fileEncoding = 4; lastKnownFileType = sourcecode.c.objc; path = CourseTableViewCell.m; sourceTree = "<group>"; };
		0AC42F781C8DBD4B00955918 /* CourseTableViewCell.xib */ = {isa = PBXFileReference; fileEncoding = 4; lastKnownFileType = file.xib; path = CourseTableViewCell.xib; sourceTree = "<group>"; };
		223328DC8BE643A675FBAA17 /* Pods-SwuAssistant.release.xcconfig */ = {isa = PBXFileReference; includeInIndex = 1; lastKnownFileType = text.xcconfig; name = "Pods-SwuAssistant.release.xcconfig"; path = "Pods/Target Support Files/Pods-SwuAssistant/Pods-SwuAssistant.release.xcconfig"; sourceTree = "<group>"; };
		693822F5FBF00390AEC1C7D7 /* Pods-SwuAssistant.debug.xcconfig */ = {isa = PBXFileReference; includeInIndex = 1; lastKnownFileType = text.xcconfig; name = "Pods-SwuAssistant.debug.xcconfig"; path = "Pods/Target Support Files/Pods-SwuAssistant/Pods-SwuAssistant.debug.xcconfig"; sourceTree = "<group>"; };
		6B2903A81C50A98600D021B0 /* GradesTableViewController.h */ = {isa = PBXFileReference; fileEncoding = 4; lastKnownFileType = sourcecode.c.h; path = GradesTableViewController.h; sourceTree = "<group>"; };
		6B2903A91C50A98600D021B0 /* GradesTableViewController.m */ = {isa = PBXFileReference; fileEncoding = 4; lastKnownFileType = sourcecode.c.objc; path = GradesTableViewController.m; sourceTree = "<group>"; };
		6B2903AB1C50B42800D021B0 /* Router.h */ = {isa = PBXFileReference; fileEncoding = 4; lastKnownFileType = sourcecode.c.h; path = Router.h; sourceTree = "<group>"; };
		6B2903AC1C50B42800D021B0 /* Router.m */ = {isa = PBXFileReference; fileEncoding = 4; lastKnownFileType = sourcecode.c.objc; path = Router.m; sourceTree = "<group>"; };
		6B2FEF5D1C509B790001C91E /* SwuAssistant.app */ = {isa = PBXFileReference; explicitFileType = wrapper.application; includeInIndex = 0; path = SwuAssistant.app; sourceTree = BUILT_PRODUCTS_DIR; };
		6B2FEF611C509B790001C91E /* main.m */ = {isa = PBXFileReference; lastKnownFileType = sourcecode.c.objc; path = main.m; sourceTree = "<group>"; };
		6B2FEF631C509B790001C91E /* AppDelegate.h */ = {isa = PBXFileReference; lastKnownFileType = sourcecode.c.h; path = AppDelegate.h; sourceTree = "<group>"; };
		6B2FEF641C509B790001C91E /* AppDelegate.m */ = {isa = PBXFileReference; lastKnownFileType = sourcecode.c.objc; path = AppDelegate.m; sourceTree = "<group>"; };
		6B2FEF6F1C509B790001C91E /* Assets.xcassets */ = {isa = PBXFileReference; lastKnownFileType = folder.assetcatalog; path = Assets.xcassets; sourceTree = "<group>"; };
		6B2FEF721C509B790001C91E /* Base */ = {isa = PBXFileReference; lastKnownFileType = file.storyboard; name = Base; path = Base.lproj/LaunchScreen.storyboard; sourceTree = "<group>"; };
		6B2FEF741C509B790001C91E /* Info.plist */ = {isa = PBXFileReference; lastKnownFileType = text.plist.xml; path = Info.plist; sourceTree = "<group>"; };
		6B2FEF791C509B790001C91E /* SwuAssistantTests.xctest */ = {isa = PBXFileReference; explicitFileType = wrapper.cfbundle; includeInIndex = 0; path = SwuAssistantTests.xctest; sourceTree = BUILT_PRODUCTS_DIR; };
		6B2FEF7D1C509B790001C91E /* SwuAssistantTests.m */ = {isa = PBXFileReference; lastKnownFileType = sourcecode.c.objc; path = SwuAssistantTests.m; sourceTree = "<group>"; };
		6B2FEF7F1C509B790001C91E /* Info.plist */ = {isa = PBXFileReference; lastKnownFileType = text.plist.xml; path = Info.plist; sourceTree = "<group>"; };
		6B2FEF8B1C50A7560001C91E /* LogInViewController.h */ = {isa = PBXFileReference; fileEncoding = 4; lastKnownFileType = sourcecode.c.h; path = LogInViewController.h; sourceTree = "<group>"; };
		6B2FEF8C1C50A7560001C91E /* LogInViewController.m */ = {isa = PBXFileReference; fileEncoding = 4; lastKnownFileType = sourcecode.c.objc; path = LogInViewController.m; sourceTree = "<group>"; };
		6B59FC2A1C523A4D00FB0E82 /* GradesTableViewHeaderView.h */ = {isa = PBXFileReference; fileEncoding = 4; lastKnownFileType = sourcecode.c.h; path = GradesTableViewHeaderView.h; sourceTree = "<group>"; };
		6B59FC2B1C523A4D00FB0E82 /* GradesTableViewHeaderView.m */ = {isa = PBXFileReference; fileEncoding = 4; lastKnownFileType = sourcecode.c.objc; path = GradesTableViewHeaderView.m; sourceTree = "<group>"; };
		6B5CE4851C533BE300291CC2 /* GradesTableViewCell.h */ = {isa = PBXFileReference; fileEncoding = 4; lastKnownFileType = sourcecode.c.h; path = GradesTableViewCell.h; sourceTree = "<group>"; };
		6B5CE4861C533BE300291CC2 /* GradesTableViewCell.m */ = {isa = PBXFileReference; fileEncoding = 4; lastKnownFileType = sourcecode.c.objc; path = GradesTableViewCell.m; sourceTree = "<group>"; };
		DB638C7654476BE1450452EA /* libPods-SwuAssistant.a */ = {isa = PBXFileReference; explicitFileType = archive.ar; includeInIndex = 0; path = "libPods-SwuAssistant.a"; sourceTree = BUILT_PRODUCTS_DIR; };
/* End PBXFileReference section */

/* Begin PBXFrameworksBuildPhase section */
		6B2FEF5A1C509B790001C91E /* Frameworks */ = {
			isa = PBXFrameworksBuildPhase;
			buildActionMask = 2147483647;
			files = (
				D0A8F2CE489302BEE1941443 /* libPods-SwuAssistant.a in Frameworks */,
			);
			runOnlyForDeploymentPostprocessing = 0;
		};
		6B2FEF761C509B790001C91E /* Frameworks */ = {
			isa = PBXFrameworksBuildPhase;
			buildActionMask = 2147483647;
			files = (
			);
			runOnlyForDeploymentPostprocessing = 0;
		};
/* End PBXFrameworksBuildPhase section */

/* Begin PBXGroup section */
		0AAB66EA1C9C505400E70B67 /* AccountLogOut */ = {
			isa = PBXGroup;
			children = (
				0AAB66E51C9C504A00E70B67 /* LogOutViewController.h */,
				0AAB66E61C9C504A00E70B67 /* LogOutViewController.m */,
				0AAB66E71C9C504A00E70B67 /* LogOutViewController.xib */,
			);
			name = AccountLogOut;
			sourceTree = "<group>";
		};
		0AB970011C61E36300F9BC53 /* MainInterface */ = {
			isa = PBXGroup;
			children = (
				0AB970051C61E3DF00F9BC53 /* MainTableViewController.h */,
				0AB970061C61E3DF00F9BC53 /* MainTableViewController.m */,
			);
			name = MainInterface;
			sourceTree = "<group>";
		};
		0AC681B41C8C279B00F9C004 /* Course */ = {
			isa = PBXGroup;
			children = (
				0A6953761C82B2CD0095216F /* Course.h */,
				0A6953771C82B2CD0095216F /* Course.m */,
				0A6953731C8203B70095216F /* CourseViewController.h */,
				0A6953741C8203B70095216F /* CourseViewController.m */,
				0AC42F761C8DBD4B00955918 /* CourseTableViewCell.h */,
				0AC42F771C8DBD4B00955918 /* CourseTableViewCell.m */,
				0AC42F781C8DBD4B00955918 /* CourseTableViewCell.xib */,
			);
			name = Course;
			sourceTree = "<group>";
		};
		3EA89196BADF0B15F50D8298 /* Pods */ = {
			isa = PBXGroup;
			children = (
				693822F5FBF00390AEC1C7D7 /* Pods-SwuAssistant.debug.xcconfig */,
				223328DC8BE643A675FBAA17 /* Pods-SwuAssistant.release.xcconfig */,
			);
			name = Pods;
			sourceTree = "<group>";
		};
		6B2FEF541C509B790001C91E = {
			isa = PBXGroup;
			children = (
				6B2FEF5F1C509B790001C91E /* SwuAssistant */,
				6B2FEF7C1C509B790001C91E /* SwuAssistantTests */,
				6B2FEF5E1C509B790001C91E /* Products */,
				3EA89196BADF0B15F50D8298 /* Pods */,
				E183160C583833BDC2476AEC /* Frameworks */,
			);
			sourceTree = "<group>";
		};
		6B2FEF5E1C509B790001C91E /* Products */ = {
			isa = PBXGroup;
			children = (
				6B2FEF5D1C509B790001C91E /* SwuAssistant.app */,
				6B2FEF791C509B790001C91E /* SwuAssistantTests.xctest */,
			);
			name = Products;
			sourceTree = "<group>";
		};
		6B2FEF5F1C509B790001C91E /* SwuAssistant */ = {
			isa = PBXGroup;
			children = (
				0AAB66EA1C9C505400E70B67 /* AccountLogOut */,
				0AC681B41C8C279B00F9C004 /* Course */,
				0AB970011C61E36300F9BC53 /* MainInterface */,
				6B5CE48D1C5377E000291CC2 /* Login */,
				6B5CE48B1C53779400291CC2 /* Grades */,
				6B5CE48C1C5377C700291CC2 /* NetWorkLayer */,
				6B5CE48E1C53780300291CC2 /* SourceFiles */,
				6B2FEF601C509B790001C91E /* Supporting Files */,
			);
			path = SwuAssistant;
			sourceTree = "<group>";
		};
		6B2FEF601C509B790001C91E /* Supporting Files */ = {
			isa = PBXGroup;
			children = (
				6B2FEF631C509B790001C91E /* AppDelegate.h */,
				6B2FEF641C509B790001C91E /* AppDelegate.m */,
				6B2FEF611C509B790001C91E /* main.m */,
			);
			name = "Supporting Files";
			sourceTree = "<group>";
		};
		6B2FEF7C1C509B790001C91E /* SwuAssistantTests */ = {
			isa = PBXGroup;
			children = (
				6B2FEF7D1C509B790001C91E /* SwuAssistantTests.m */,
				6B2FEF7F1C509B790001C91E /* Info.plist */,
			);
			path = SwuAssistantTests;
			sourceTree = "<group>";
		};
		6B5CE48B1C53779400291CC2 /* Grades */ = {
			isa = PBXGroup;
			children = (
				6B2903A81C50A98600D021B0 /* GradesTableViewController.h */,
				6B2903A91C50A98600D021B0 /* GradesTableViewController.m */,
				6B5CE4851C533BE300291CC2 /* GradesTableViewCell.h */,
				6B5CE4861C533BE300291CC2 /* GradesTableViewCell.m */,
				6B59FC2A1C523A4D00FB0E82 /* GradesTableViewHeaderView.h */,
				6B59FC2B1C523A4D00FB0E82 /* GradesTableViewHeaderView.m */,
			);
			name = Grades;
			sourceTree = "<group>";
		};
		6B5CE48C1C5377C700291CC2 /* NetWorkLayer */ = {
			isa = PBXGroup;
			children = (
				6B2903AB1C50B42800D021B0 /* Router.h */,
				6B2903AC1C50B42800D021B0 /* Router.m */,
			);
			name = NetWorkLayer;
			sourceTree = "<group>";
		};
		6B5CE48D1C5377E000291CC2 /* Login */ = {
			isa = PBXGroup;
			children = (
				6B2FEF8B1C50A7560001C91E /* LogInViewController.h */,
				6B2FEF8C1C50A7560001C91E /* LogInViewController.m */,
			);
			name = Login;
			sourceTree = "<group>";
		};
		6B5CE48E1C53780300291CC2 /* SourceFiles */ = {
			isa = PBXGroup;
			children = (
				6B2FEF6F1C509B790001C91E /* Assets.xcassets */,
				6B2FEF711C509B790001C91E /* LaunchScreen.storyboard */,
				6B2FEF741C509B790001C91E /* Info.plist */,
			);
			name = SourceFiles;
			sourceTree = "<group>";
		};
		E183160C583833BDC2476AEC /* Frameworks */ = {
			isa = PBXGroup;
			children = (
				DB638C7654476BE1450452EA /* libPods-SwuAssistant.a */,
			);
			name = Frameworks;
			sourceTree = "<group>";
		};
/* End PBXGroup section */

/* Begin PBXNativeTarget section */
		6B2FEF5C1C509B790001C91E /* SwuAssistant */ = {
			isa = PBXNativeTarget;
			buildConfigurationList = 6B2FEF821C509B790001C91E /* Build configuration list for PBXNativeTarget "SwuAssistant" */;
			buildPhases = (
				4582E086F261E999AEC64D81 /* Check Pods Manifest.lock */,
				6B2FEF591C509B790001C91E /* Sources */,
				6B2FEF5A1C509B790001C91E /* Frameworks */,
				6B2FEF5B1C509B790001C91E /* Resources */,
				F342E156A848FC3DEA0D2D4D /* Embed Pods Frameworks */,
				32E5707DF7663298CE0A36C0 /* Copy Pods Resources */,
			);
			buildRules = (
			);
			dependencies = (
			);
			name = SwuAssistant;
			productName = SwuAssistant;
			productReference = 6B2FEF5D1C509B790001C91E /* SwuAssistant.app */;
			productType = "com.apple.product-type.application";
		};
		6B2FEF781C509B790001C91E /* SwuAssistantTests */ = {
			isa = PBXNativeTarget;
			buildConfigurationList = 6B2FEF851C509B790001C91E /* Build configuration list for PBXNativeTarget "SwuAssistantTests" */;
			buildPhases = (
				6B2FEF751C509B790001C91E /* Sources */,
				6B2FEF761C509B790001C91E /* Frameworks */,
				6B2FEF771C509B790001C91E /* Resources */,
			);
			buildRules = (
			);
			dependencies = (
				6B2FEF7B1C509B790001C91E /* PBXTargetDependency */,
			);
			name = SwuAssistantTests;
			productName = SwuAssistantTests;
			productReference = 6B2FEF791C509B790001C91E /* SwuAssistantTests.xctest */;
			productType = "com.apple.product-type.bundle.unit-test";
		};
/* End PBXNativeTarget section */

/* Begin PBXProject section */
		6B2FEF551C509B790001C91E /* Project object */ = {
			isa = PBXProject;
			attributes = {
				LastUpgradeCheck = 0720;
				ORGANIZATIONNAME = "OpenSource Association of SWU";
				TargetAttributes = {
					6B2FEF5C1C509B790001C91E = {
						CreatedOnToolsVersion = 7.2;
						DevelopmentTeam = N7AS3FZ2RC;
					};
					6B2FEF781C509B790001C91E = {
						CreatedOnToolsVersion = 7.2;
						DevelopmentTeam = 94G854WR75;
						TestTargetID = 6B2FEF5C1C509B790001C91E;
					};
				};
			};
			buildConfigurationList = 6B2FEF581C509B790001C91E /* Build configuration list for PBXProject "SwuAssistant" */;
			compatibilityVersion = "Xcode 3.2";
			developmentRegion = English;
			hasScannedForEncodings = 0;
			knownRegions = (
				en,
				Base,
			);
			mainGroup = 6B2FEF541C509B790001C91E;
			productRefGroup = 6B2FEF5E1C509B790001C91E /* Products */;
			projectDirPath = "";
			projectRoot = "";
			targets = (
				6B2FEF5C1C509B790001C91E /* SwuAssistant */,
				6B2FEF781C509B790001C91E /* SwuAssistantTests */,
			);
		};
/* End PBXProject section */

/* Begin PBXResourcesBuildPhase section */
		6B2FEF5B1C509B790001C91E /* Resources */ = {
			isa = PBXResourcesBuildPhase;
			buildActionMask = 2147483647;
			files = (
				0AC42F7A1C8DBD4B00955918 /* CourseTableViewCell.xib in Resources */,
				6B2FEF731C509B790001C91E /* LaunchScreen.storyboard in Resources */,
				0AAB66E91C9C504A00E70B67 /* LogOutViewController.xib in Resources */,
				6B2FEF701C509B790001C91E /* Assets.xcassets in Resources */,
			);
			runOnlyForDeploymentPostprocessing = 0;
		};
		6B2FEF771C509B790001C91E /* Resources */ = {
			isa = PBXResourcesBuildPhase;
			buildActionMask = 2147483647;
			files = (
			);
			runOnlyForDeploymentPostprocessing = 0;
		};
/* End PBXResourcesBuildPhase section */

/* Begin PBXShellScriptBuildPhase section */
		32E5707DF7663298CE0A36C0 /* Copy Pods Resources */ = {
			isa = PBXShellScriptBuildPhase;
			buildActionMask = 2147483647;
			files = (
			);
			inputPaths = (
			);
			name = "Copy Pods Resources";
			outputPaths = (
			);
			runOnlyForDeploymentPostprocessing = 0;
			shellPath = /bin/sh;
			shellScript = "\"${SRCROOT}/Pods/Target Support Files/Pods-SwuAssistant/Pods-SwuAssistant-resources.sh\"\n";
			showEnvVarsInLog = 0;
		};
		4582E086F261E999AEC64D81 /* Check Pods Manifest.lock */ = {
			isa = PBXShellScriptBuildPhase;
			buildActionMask = 2147483647;
			files = (
			);
			inputPaths = (
			);
			name = "Check Pods Manifest.lock";
			outputPaths = (
			);
			runOnlyForDeploymentPostprocessing = 0;
			shellPath = /bin/sh;
			shellScript = "diff \"${PODS_ROOT}/../Podfile.lock\" \"${PODS_ROOT}/Manifest.lock\" > /dev/null\nif [[ $? != 0 ]] ; then\n    cat << EOM\nerror: The sandbox is not in sync with the Podfile.lock. Run 'pod install' or update your CocoaPods installation.\nEOM\n    exit 1\nfi\n";
			showEnvVarsInLog = 0;
		};
		F342E156A848FC3DEA0D2D4D /* Embed Pods Frameworks */ = {
			isa = PBXShellScriptBuildPhase;
			buildActionMask = 2147483647;
			files = (
			);
			inputPaths = (
			);
			name = "Embed Pods Frameworks";
			outputPaths = (
			);
			runOnlyForDeploymentPostprocessing = 0;
			shellPath = /bin/sh;
			shellScript = "\"${SRCROOT}/Pods/Target Support Files/Pods-SwuAssistant/Pods-SwuAssistant-frameworks.sh\"\n";
			showEnvVarsInLog = 0;
		};
/* End PBXShellScriptBuildPhase section */

/* Begin PBXSourcesBuildPhase section */
		6B2FEF591C509B790001C91E /* Sources */ = {
			isa = PBXSourcesBuildPhase;
			buildActionMask = 2147483647;
			files = (
				6B59FC2C1C523A4D00FB0E82 /* GradesTableViewHeaderView.m in Sources */,
				6B5CE4871C533BE300291CC2 /* GradesTableViewCell.m in Sources */,
				6B2FEF651C509B790001C91E /* AppDelegate.m in Sources */,
				0A6953781C82B2CD0095216F /* Course.m in Sources */,
				6B2FEF8D1C50A7560001C91E /* LogInViewController.m in Sources */,
				6B2FEF621C509B790001C91E /* main.m in Sources */,
				0AAB66E81C9C504A00E70B67 /* LogOutViewController.m in Sources */,
				6B2903AD1C50B42800D021B0 /* Router.m in Sources */,
				0AC42F791C8DBD4B00955918 /* CourseTableViewCell.m in Sources */,
				6B2903AA1C50A98600D021B0 /* GradesTableViewController.m in Sources */,
				0AB970071C61E3DF00F9BC53 /* MainTableViewController.m in Sources */,
				0A6953751C8203B70095216F /* CourseViewController.m in Sources */,
			);
			runOnlyForDeploymentPostprocessing = 0;
		};
		6B2FEF751C509B790001C91E /* Sources */ = {
			isa = PBXSourcesBuildPhase;
			buildActionMask = 2147483647;
			files = (
				6B2FEF7E1C509B790001C91E /* SwuAssistantTests.m in Sources */,
			);
			runOnlyForDeploymentPostprocessing = 0;
		};
/* End PBXSourcesBuildPhase section */

/* Begin PBXTargetDependency section */
		6B2FEF7B1C509B790001C91E /* PBXTargetDependency */ = {
			isa = PBXTargetDependency;
			target = 6B2FEF5C1C509B790001C91E /* SwuAssistant */;
			targetProxy = 6B2FEF7A1C509B790001C91E /* PBXContainerItemProxy */;
		};
/* End PBXTargetDependency section */

/* Begin PBXVariantGroup section */
		6B2FEF711C509B790001C91E /* LaunchScreen.storyboard */ = {
			isa = PBXVariantGroup;
			children = (
				6B2FEF721C509B790001C91E /* Base */,
			);
			name = LaunchScreen.storyboard;
			sourceTree = "<group>";
		};
/* End PBXVariantGroup section */

/* Begin XCBuildConfiguration section */
		6B2FEF801C509B790001C91E /* Debug */ = {
			isa = XCBuildConfiguration;
			buildSettings = {
				ALWAYS_SEARCH_USER_PATHS = NO;
				CLANG_CXX_LANGUAGE_STANDARD = "gnu++0x";
				CLANG_CXX_LIBRARY = "libc++";
				CLANG_ENABLE_MODULES = YES;
				CLANG_ENABLE_OBJC_ARC = YES;
				CLANG_WARN_BOOL_CONVERSION = YES;
				CLANG_WARN_CONSTANT_CONVERSION = YES;
				CLANG_WARN_DIRECT_OBJC_ISA_USAGE = YES_ERROR;
				CLANG_WARN_EMPTY_BODY = YES;
				CLANG_WARN_ENUM_CONVERSION = YES;
				CLANG_WARN_INT_CONVERSION = YES;
				CLANG_WARN_OBJC_ROOT_CLASS = YES_ERROR;
				CLANG_WARN_UNREACHABLE_CODE = YES;
				CLANG_WARN__DUPLICATE_METHOD_MATCH = YES;
				CODE_SIGN_IDENTITY = "";
				"CODE_SIGN_IDENTITY[sdk=iphoneos*]" = "";
				COPY_PHASE_STRIP = NO;
				DEBUG_INFORMATION_FORMAT = dwarf;
				ENABLE_STRICT_OBJC_MSGSEND = YES;
				ENABLE_TESTABILITY = YES;
				GCC_C_LANGUAGE_STANDARD = gnu99;
				GCC_DYNAMIC_NO_PIC = NO;
				GCC_NO_COMMON_BLOCKS = YES;
				GCC_OPTIMIZATION_LEVEL = 0;
				GCC_PREPROCESSOR_DEFINITIONS = (
					"DEBUG=1",
					"$(inherited)",
				);
				GCC_WARN_64_TO_32_BIT_CONVERSION = YES;
				GCC_WARN_ABOUT_RETURN_TYPE = YES_ERROR;
				GCC_WARN_UNDECLARED_SELECTOR = YES;
				GCC_WARN_UNINITIALIZED_AUTOS = YES_AGGRESSIVE;
				GCC_WARN_UNUSED_FUNCTION = YES;
				GCC_WARN_UNUSED_VARIABLE = YES;
				IPHONEOS_DEPLOYMENT_TARGET = 9.2;
				MTL_ENABLE_DEBUG_INFO = YES;
				ONLY_ACTIVE_ARCH = YES;
				SDKROOT = iphoneos;
				TARGETED_DEVICE_FAMILY = "1,2";
			};
			name = Debug;
		};
		6B2FEF811C509B790001C91E /* Release */ = {
			isa = XCBuildConfiguration;
			buildSettings = {
				ALWAYS_SEARCH_USER_PATHS = NO;
				CLANG_CXX_LANGUAGE_STANDARD = "gnu++0x";
				CLANG_CXX_LIBRARY = "libc++";
				CLANG_ENABLE_MODULES = YES;
				CLANG_ENABLE_OBJC_ARC = YES;
				CLANG_WARN_BOOL_CONVERSION = YES;
				CLANG_WARN_CONSTANT_CONVERSION = YES;
				CLANG_WARN_DIRECT_OBJC_ISA_USAGE = YES_ERROR;
				CLANG_WARN_EMPTY_BODY = YES;
				CLANG_WARN_ENUM_CONVERSION = YES;
				CLANG_WARN_INT_CONVERSION = YES;
				CLANG_WARN_OBJC_ROOT_CLASS = YES_ERROR;
				CLANG_WARN_UNREACHABLE_CODE = YES;
				CLANG_WARN__DUPLICATE_METHOD_MATCH = YES;
				CODE_SIGN_IDENTITY = "iPhone Distribution";
				"CODE_SIGN_IDENTITY[sdk=iphoneos*]" = "iPhone Distribution";
				COPY_PHASE_STRIP = NO;
				DEBUG_INFORMATION_FORMAT = "dwarf-with-dsym";
				ENABLE_NS_ASSERTIONS = NO;
				ENABLE_STRICT_OBJC_MSGSEND = YES;
				GCC_C_LANGUAGE_STANDARD = gnu99;
				GCC_NO_COMMON_BLOCKS = YES;
				GCC_WARN_64_TO_32_BIT_CONVERSION = YES;
				GCC_WARN_ABOUT_RETURN_TYPE = YES_ERROR;
				GCC_WARN_UNDECLARED_SELECTOR = YES;
				GCC_WARN_UNINITIALIZED_AUTOS = YES_AGGRESSIVE;
				GCC_WARN_UNUSED_FUNCTION = YES;
				GCC_WARN_UNUSED_VARIABLE = YES;
				IPHONEOS_DEPLOYMENT_TARGET = 9.2;
				MTL_ENABLE_DEBUG_INFO = NO;
				ONLY_ACTIVE_ARCH = YES;
				SDKROOT = iphoneos;
				TARGETED_DEVICE_FAMILY = "1,2";
				VALIDATE_PRODUCT = YES;
			};
			name = Release;
		};
		6B2FEF831C509B790001C91E /* Debug */ = {
			isa = XCBuildConfiguration;
			baseConfigurationReference = 693822F5FBF00390AEC1C7D7 /* Pods-SwuAssistant.debug.xcconfig */;
			buildSettings = {
				ASSETCATALOG_COMPILER_APPICON_NAME = AppIcon;
				CODE_SIGN_IDENTITY = "iPhone Developer";
				"CODE_SIGN_IDENTITY[sdk=iphoneos*]" = "iPhone Developer";
				INFOPLIST_FILE = SwuAssistant/Info.plist;
				IPHONEOS_DEPLOYMENT_TARGET = 9.2;
				LD_RUNPATH_SEARCH_PATHS = "$(inherited) @executable_path/Frameworks";
				PRODUCT_BUNDLE_IDENTIFIER = "OpenSource-Association-of-SWU.SwuAssistant";
				PRODUCT_NAME = "$(TARGET_NAME)";
				PROVISIONING_PROFILE = "";
				TARGETED_DEVICE_FAMILY = "1,2";
			};
			name = Debug;
		};
		6B2FEF841C509B790001C91E /* Release */ = {
			isa = XCBuildConfiguration;
			baseConfigurationReference = 223328DC8BE643A675FBAA17 /* Pods-SwuAssistant.release.xcconfig */;
			buildSettings = {
				ASSETCATALOG_COMPILER_APPICON_NAME = AppIcon;
				CODE_SIGN_IDENTITY = "iPhone Developer";
				"CODE_SIGN_IDENTITY[sdk=iphoneos*]" = "iPhone Developer";
				INFOPLIST_FILE = SwuAssistant/Info.plist;
				IPHONEOS_DEPLOYMENT_TARGET = 9.2;
				LD_RUNPATH_SEARCH_PATHS = "$(inherited) @executable_path/Frameworks";
				PRODUCT_BUNDLE_IDENTIFIER = "OpenSource-Association-of-SWU.SwuAssistant";
				PRODUCT_NAME = "$(TARGET_NAME)";
				PROVISIONING_PROFILE = "";
				TARGETED_DEVICE_FAMILY = "1,2";
			};
			name = Release;
		};
		6B2FEF861C509B790001C91E /* Debug */ = {
			isa = XCBuildConfiguration;
			buildSettings = {
				BUNDLE_LOADER = "$(TEST_HOST)";
				INFOPLIST_FILE = SwuAssistantTests/Info.plist;
				LD_RUNPATH_SEARCH_PATHS = "$(inherited) @executable_path/Frameworks @loader_path/Frameworks";
				PRODUCT_BUNDLE_IDENTIFIER = "OpenSource-Association-of-SWU.SwuAssistantTests";
				PRODUCT_NAME = "$(TARGET_NAME)";
				TEST_HOST = "$(BUILT_PRODUCTS_DIR)/SwuAssistant.app/SwuAssistant";
			};
			name = Debug;
		};
		6B2FEF871C509B790001C91E /* Release */ = {
			isa = XCBuildConfiguration;
			buildSettings = {
				BUNDLE_LOADER = "$(TEST_HOST)";
				INFOPLIST_FILE = SwuAssistantTests/Info.plist;
				LD_RUNPATH_SEARCH_PATHS = "$(inherited) @executable_path/Frameworks @loader_path/Frameworks";
				PRODUCT_BUNDLE_IDENTIFIER = "OpenSource-Association-of-SWU.SwuAssistantTests";
				PRODUCT_NAME = "$(TARGET_NAME)";
				TEST_HOST = "$(BUILT_PRODUCTS_DIR)/SwuAssistant.app/SwuAssistant";
			};
			name = Release;
		};
/* End XCBuildConfiguration section */

/* Begin XCConfigurationList section */
		6B2FEF581C509B790001C91E /* Build configuration list for PBXProject "SwuAssistant" */ = {
			isa = XCConfigurationList;
			buildConfigurations = (
				6B2FEF801C509B790001C91E /* Debug */,
				6B2FEF811C509B790001C91E /* Release */,
			);
			defaultConfigurationIsVisible = 0;
			defaultConfigurationName = Release;
		};
		6B2FEF821C509B790001C91E /* Build configuration list for PBXNativeTarget "SwuAssistant" */ = {
			isa = XCConfigurationList;
			buildConfigurations = (
				6B2FEF831C509B790001C91E /* Debug */,
				6B2FEF841C509B790001C91E /* Release */,
			);
			defaultConfigurationIsVisible = 0;
			defaultConfigurationName = Release;
		};
		6B2FEF851C509B790001C91E /* Build configuration list for PBXNativeTarget "SwuAssistantTests" */ = {
			isa = XCConfigurationList;
			buildConfigurations = (
				6B2FEF861C509B790001C91E /* Debug */,
				6B2FEF871C509B790001C91E /* Release */,
			);
			defaultConfigurationIsVisible = 0;
			defaultConfigurationName = Release;
		};
/* End XCConfigurationList section */
	};
	rootObject = 6B2FEF551C509B790001C91E /* Project object */;
}
